lockfileVersion: '9.0'

settings:
  autoInstallPeers: true
  excludeLinksFromLockfile: false

importers:

  .:
    dependencies:
      '@prisma/client':
        specifier: 5.22.0
        version: 5.22.0(prisma@5.22.0)
    devDependencies:
      '@types/node':
        specifier: 22.13.10
        version: 22.13.10
      prettier:
        specifier: 3.5.3
        version: 3.5.3
      prisma:
        specifier: 5.22.0
        version: 5.22.0

packages:

  '@prisma/client@5.22.0':
    resolution: {integrity: sha512-M0SVXfyHnQREBKxCgyo7sffrKttwE6R8PMq330MIUF0pTwjUhLbW84pFDlf06B27XyCR++VtjugEnIHdr07SVA==}
    engines: {node: '>=16.13'}
    peerDependencies:
      prisma: '*'
    peerDependenciesMeta:
      prisma:
        optional: true

  '@prisma/debug@5.22.0':
    resolution: {integrity: sha512-AUt44v3YJeggO2ZU5BkXI7M4hu9BF2zzH2iF2V5pyXT/lRTyWiElZ7It+bRH1EshoMRxHgpYg4VB6rCM+mG5jQ==}

  '@prisma/engines-version@5.22.0-44.605197351a3c8bdd595af2d2a9bc3025bca48ea2':
    resolution: {integrity: sha512-2PTmxFR2yHW/eB3uqWtcgRcgAbG1rwG9ZriSvQw+nnb7c4uCr3RAcGMb6/zfE88SKlC1Nj2ziUvc96Z379mHgQ==}

  '@prisma/engines@5.22.0':
    resolution: {integrity: sha512-UNjfslWhAt06kVL3CjkuYpHAWSO6L4kDCVPegV6itt7nD1kSJavd3vhgAEhjglLJJKEdJ7oIqDJ+yHk6qO8gPA==}

  '@prisma/fetch-engine@5.22.0':
    resolution: {integrity: sha512-bkrD/Mc2fSvkQBV5EpoFcZ87AvOgDxbG99488a5cexp5Ccny+UM6MAe/UFkUC0wLYD9+9befNOqGiIJhhq+HbA==}

  '@prisma/get-platform@5.22.0':
    resolution: {integrity: sha512-pHhpQdr1UPFpt+zFfnPazhulaZYCUqeIcPpJViYoq9R+D/yw4fjE+CtnsnKzPYm0ddUbeXUzjGVGIRVgPDCk4Q==}

  '@types/node@22.13.10':
    resolution: {integrity: sha512-I6LPUvlRH+O6VRUqYOcMudhaIdUVWfsjnZavnsraHvpBwaEyMN29ry+0UVJhImYL16xsscu0aske3yA+uPOWfw==}

  fsevents@2.3.3:
    resolution: {integrity: sha512-5xoDfX+fL7faATnagmWPpbFtwh/R77WmMMqqHGS65C3vvB0YHrgF+B1YmZ3441tMj5n63k0212XNoJwzlhffQw==}
    engines: {node: ^8.16.0 || ^10.6.0 || >=11.0.0}
    os: [darwin]

  prettier@3.5.3:
    resolution: {integrity: sha512-QQtaxnoDJeAkDvDKWCLiwIXkTgRhwYDEQCghU9Z6q03iyek/rxRh/2lC3HB7P8sWT2xC/y5JDctPLBIGzHKbhw==}
    engines: {node: '>=14'}
    hasBin: true

  prisma@5.22.0:
    resolution: {integrity: sha512-vtpjW3XuYCSnMsNVBjLMNkTj6OZbudcPPTPYHqX0CJfpcdWciI1dM8uHETwmDxxiqEwCIE6WvXucWUetJgfu/A==}
    engines: {node: '>=16.13'}
    hasBin: true

  undici-types@6.20.0:
    resolution: {integrity: sha512-Ny6QZ2Nju20vw1SRHe3d9jVu6gJ+4e3+MMpqu7pqE5HT6WsTSlce++GQmK5UXS8mzV8DSYHrQH+Xrf2jVcuKNg==}

snapshots:

  '@prisma/client@5.22.0(prisma@5.22.0)':
    optionalDependencies:
      prisma: 5.22.0

  '@prisma/debug@5.22.0': {}

  '@prisma/engines-version@5.22.0-44.605197351a3c8bdd595af2d2a9bc3025bca48ea2': {}

  '@prisma/engines@5.22.0':
    dependencies:
      '@prisma/debug': 5.22.0
      '@prisma/engines-version': 5.22.0-44.605197351a3c8bdd595af2d2a9bc3025bca48ea2
      '@prisma/fetch-engine': 5.22.0
      '@prisma/get-platform': 5.22.0

  '@prisma/fetch-engine@5.22.0':
    dependencies:
      '@prisma/debug': 5.22.0
      '@prisma/engines-version': 5.22.0-44.605197351a3c8bdd595af2d2a9bc3025bca48ea2
      '@prisma/get-platform': 5.22.0

  '@prisma/get-platform@5.22.0':
    dependencies:
      '@prisma/debug': 5.22.0

  '@types/node@22.13.10':
    dependencies:
      undici-types: 6.20.0

  fsevents@2.3.3:
    optional: true

  prettier@3.5.3: {}

  prisma@5.22.0:
    dependencies:
      '@prisma/engines': 5.22.0
    optionalDependencies:
      fsevents: 2.3.3

  undici-types@6.20.0: {}
